
Microsoft Visual Studio Solution File, Format Version 12.00
# Visual Studio Version 16
VisualStudioVersion = 16.0.30907.101
MinimumVisualStudioVersion = 10.0.40219.1
Project("{FAE04EC0-301F-11D3-BF4B-00C04F79EFBC}") = "314Project", "314Project\314Project.csproj", "{C6745141-AB9F-4A41-A16B-4D7CA3A4ED09}"
EndProject
Global
	GlobalSection(SolutionConfigurationPlatforms) = preSolution
		Debug|Any CPU = Debug|Any CPU
		Release|Any CPU = Release|Any CPU
	EndGlobalSection
	GlobalSection(ProjectConfigurationPlatforms) = postSolution
		{C6745141-AB9F-4A41-A16B-4D7CA3A4ED09}.Debug|Any CPU.ActiveCfg = Debug|Any CPU
		{C6745141-AB9F-4A41-A16B-4D7CA3A4ED09}.Debug|Any CPU.Build.0 = Debug|Any CPU
		{C6745141-AB9F-4A41-A16B-4D7CA3A4ED09}.Release|Any CPU.ActiveCfg = Release|Any CPU
		{C6745141-AB9F-4A41-A16B-4D7CA3A4ED09}.Release|Any CPU.Build.0 = Release|Any CPU
	EndGlobalSection
	GlobalSection(SolutionProperties) = preSolution
		HideSolutionNode = FALSE
	EndGlobalSection
	GlobalSection(ExtensibilityGlobals) = postSolution
		SolutionGuid = {F3D7A622-901B-4DDA-AD32-95FF1E97B5F5}
	EndGlobalSection
EndGlobal
